
Microsoft Visual Studio Solution File, Format Version 12.00
# Visual Studio 14
VisualStudioVersion = 14.0.25420.1
MinimumVisualStudioVersion = 10.0.40219.1
Project("{FAE04EC0-301F-11D3-BF4B-00C04F79EFBC}") = "RestDemo.Android", "RestDemo\RestDemo.Android\RestDemo.Android.csproj", "{22FF1522-B141-40F6-806E-F755105F5A09}"
EndProject
Project("{FAE04EC0-301F-11D3-BF4B-00C04F79EFBC}") = "RestDemo", "RestDemo\RestDemo\RestDemo.csproj", "{666F839B-DE88-4A36-B6AC-510B2B12CA06}"
EndProject
Project("{FAE04EC0-301F-11D3-BF4B-00C04F79EFBC}") = "RestDemo.UWP", "RestDemo\RestDemo.UWP\RestDemo.UWP.csproj", "{93D009D7-BF8B-4621-AC18-5503A5A3338B}"
EndProject
Project("{FAE04EC0-301F-11D3-BF4B-00C04F79EFBC}") = "RestDemo.iOS", "RestDemo\RestDemo.iOS\RestDemo.iOS.csproj", "{D0062144-ECD8-4C9B-9061-43FCE54B03F4}"
EndProject
Global
	GlobalSection(SolutionConfigurationPlatforms) = preSolution
		Ad-Hoc|Any CPU = Ad-Hoc|Any CPU
		Ad-Hoc|ARM = Ad-Hoc|ARM
		Ad-Hoc|iPhone = Ad-Hoc|iPhone
		Ad-Hoc|iPhoneSimulator = Ad-Hoc|iPhoneSimulator
		Ad-Hoc|x64 = Ad-Hoc|x64
		Ad-Hoc|x86 = Ad-Hoc|x86
		AppStore|Any CPU = AppStore|Any CPU
		AppStore|ARM = AppStore|ARM
		AppStore|iPhone = AppStore|iPhone
		AppStore|iPhoneSimulator = AppStore|iPhoneSimulator
		AppStore|x64 = AppStore|x64
		AppStore|x86 = AppStore|x86
		Debug|Any CPU = Debug|Any CPU
		Debug|ARM = Debug|ARM
		Debug|iPhone = Debug|iPhone
		Debug|iPhoneSimulator = Debug|iPhoneSimulator
		Debug|x64 = Debug|x64
		Debug|x86 = Debug|x86
		Release|Any CPU = Release|Any CPU
		Release|ARM = Release|ARM
		Release|iPhone = Release|iPhone
		Release|iPhoneSimulator = Release|iPhoneSimulator
		Release|x64 = Release|x64
		Release|x86 = Release|x86
	EndGlobalSection
	GlobalSection(ProjectConfigurationPlatforms) = postSolution
		{22FF1522-B141-40F6-806E-F755105F5A09}.Ad-Hoc|Any CPU.ActiveCfg = Release|Any CPU
		{22FF1522-B141-40F6-806E-F755105F5A09}.Ad-Hoc|Any CPU.Build.0 = Release|Any CPU
		{22FF1522-B141-40F6-806E-F755105F5A09}.Ad-Hoc|Any CPU.Deploy.0 = Release|Any CPU
		{22FF1522-B141-40F6-806E-F755105F5A09}.Ad-Hoc|ARM.ActiveCfg = Release|Any CPU
		{22FF1522-B141-40F6-806E-F755105F5A09}.Ad-Hoc|ARM.Build.0 = Release|Any CPU
		{22FF1522-B141-40F6-806E-F755105F5A09}.Ad-Hoc|ARM.Deploy.0 = Release|Any CPU
		{22FF1522-B141-40F6-806E-F755105F5A09}.Ad-Hoc|iPhone.ActiveCfg = Release|Any CPU
		{22FF1522-B141-40F6-806E-F755105F5A09}.Ad-Hoc|iPhone.Build.0 = Release|Any CPU
		{22FF1522-B141-40F6-806E-F755105F5A09}.Ad-Hoc|iPhone.Deploy.0 = Release|Any CPU
		{22FF1522-B141-40F6-806E-F755105F5A09}.Ad-Hoc|iPhoneSimulator.ActiveCfg = Release|Any CPU
		{22FF1522-B141-40F6-806E-F755105F5A09}.Ad-Hoc|iPhoneSimulator.Build.0 = Release|Any CPU
		{22FF1522-B141-40F6-806E-F755105F5A09}.Ad-Hoc|iPhoneSimulator.Deploy.0 = Release|Any CPU
		{22FF1522-B141-40F6-806E-F755105F5A09}.Ad-Hoc|x64.ActiveCfg = Release|Any CPU
		{22FF1522-B141-40F6-806E-F755105F5A09}.Ad-Hoc|x64.Build.0 = Release|Any CPU
		{22FF1522-B141-40F6-806E-F755105F5A09}.Ad-Hoc|x64.Deploy.0 = Release|Any CPU
		{22FF1522-B141-40F6-806E-F755105F5A09}.Ad-Hoc|x86.ActiveCfg = Release|Any CPU
		{22FF1522-B141-40F6-806E-F755105F5A09}.Ad-Hoc|x86.Build.0 = Release|Any CPU
		{22FF1522-B141-40F6-806E-F755105F5A09}.Ad-Hoc|x86.Deploy.0 = Release|Any CPU
		{22FF1522-B141-40F6-806E-F755105F5A09}.AppStore|Any CPU.ActiveCfg = Release|Any CPU
		{22FF1522-B141-40F6-806E-F755105F5A09}.AppStore|Any CPU.Build.0 = Release|Any CPU
		{22FF1522-B141-40F6-806E-F755105F5A09}.AppStore|Any CPU.Deploy.0 = Release|Any CPU
		{22FF1522-B141-40F6-806E-F755105F5A09}.AppStore|ARM.ActiveCfg = Release|Any CPU
		{22FF1522-B141-40F6-806E-F755105F5A09}.AppStore|ARM.Build.0 = Release|Any CPU
		{22FF1522-B141-40F6-806E-F755105F5A09}.AppStore|ARM.Deploy.0 = Release|Any CPU
		{22FF1522-B141-40F6-806E-F755105F5A09}.AppStore|iPhone.ActiveCfg = Release|Any CPU
		{22FF1522-B141-40F6-806E-F755105F5A09}.AppStore|iPhone.Build.0 = Release|Any CPU
		{22FF1522-B141-40F6-806E-F755105F5A09}.AppStore|iPhone.Deploy.0 = Release|Any CPU
		{22FF1522-B141-40F6-806E-F755105F5A09}.AppStore|iPhoneSimulator.ActiveCfg = Release|Any CPU
		{22FF1522-B141-40F6-806E-F755105F5A09}.AppStore|iPhoneSimulator.Build.0 = Release|Any CPU
		{22FF1522-B141-40F6-806E-F755105F5A09}.AppStore|iPhoneSimulator.Deploy.0 = Release|Any CPU
		{22FF1522-B141-40F6-806E-F755105F5A09}.AppStore|x64.ActiveCfg = Release|Any CPU
		{22FF1522-B141-40F6-806E-F755105F5A09}.AppStore|x64.Build.0 = Release|Any CPU
		{22FF1522-B141-40F6-806E-F755105F5A09}.AppStore|x64.Deploy.0 = Release|Any CPU
		{22FF1522-B141-40F6-806E-F755105F5A09}.AppStore|x86.ActiveCfg = Release|Any CPU
		{22FF1522-B141-40F6-806E-F755105F5A09}.AppStore|x86.Build.0 = Release|Any CPU
		{22FF1522-B141-40F6-806E-F755105F5A09}.AppStore|x86.Deploy.0 = Release|Any CPU
		{22FF1522-B141-40F6-806E-F755105F5A09}.Debug|Any CPU.ActiveCfg = Debug|Any CPU
		{22FF1522-B141-40F6-806E-F755105F5A09}.Debug|Any CPU.Build.0 = Debug|Any CPU
		{22FF1522-B141-40F6-806E-F755105F5A09}.Debug|Any CPU.Deploy.0 = Debug|Any CPU
		{22FF1522-B141-40F6-806E-F755105F5A09}.Debug|ARM.ActiveCfg = Debug|Any CPU
		{22FF1522-B141-40F6-806E-F755105F5A09}.Debug|ARM.Build.0 = Debug|Any CPU
		{22FF1522-B141-40F6-806E-F755105F5A09}.Debug|ARM.Deploy.0 = Debug|Any CPU
		{22FF1522-B141-40F6-806E-F755105F5A09}.Debug|iPhone.ActiveCfg = Debug|Any CPU
		{22FF1522-B141-40F6-806E-F755105F5A09}.Debug|iPhone.Build.0 = Debug|Any CPU
		{22FF1522-B141-40F6-806E-F755105F5A09}.Debug|iPhone.Deploy.0 = Debug|Any CPU
		{22FF1522-B141-40F6-806E-F755105F5A09}.Debug|iPhoneSimulator.ActiveCfg = Debug|Any CPU
		{22FF1522-B141-40F6-806E-F755105F5A09}.Debug|iPhoneSimulator.Build.0 = Debug|Any CPU
		{22FF1522-B141-40F6-806E-F755105F5A09}.Debug|iPhoneSimulator.Deploy.0 = Debug|Any CPU
		{22FF1522-B141-40F6-806E-F755105F5A09}.Debug|x64.ActiveCfg = Debug|Any CPU
		{22FF1522-B141-40F6-806E-F755105F5A09}.Debug|x64.Build.0 = Debug|Any CPU
		{22FF1522-B141-40F6-806E-F755105F5A09}.Debug|x64.Deploy.0 = Debug|Any CPU
		{22FF1522-B141-40F6-806E-F755105F5A09}.Debug|x86.ActiveCfg = Debug|Any CPU
		{22FF1522-B141-40F6-806E-F755105F5A09}.Debug|x86.Build.0 = Debug|Any CPU
		{22FF1522-B141-40F6-806E-F755105F5A09}.Debug|x86.Deploy.0 = Debug|Any CPU
		{22FF1522-B141-40F6-806E-F755105F5A09}.Release|Any CPU.ActiveCfg = Release|Any CPU
		{22FF1522-B141-40F6-806E-F755105F5A09}.Release|Any CPU.Build.0 = Release|Any CPU
		{22FF1522-B141-40F6-806E-F755105F5A09}.Release|Any CPU.Deploy.0 = Release|Any CPU
		{22FF1522-B141-40F6-806E-F755105F5A09}.Release|ARM.ActiveCfg = Release|Any CPU
		{22FF1522-B141-40F6-806E-F755105F5A09}.Release|ARM.Build.0 = Release|Any CPU
		{22FF1522-B141-40F6-806E-F755105F5A09}.Release|ARM.Deploy.0 = Release|Any CPU
		{22FF1522-B141-40F6-806E-F755105F5A09}.Release|iPhone.ActiveCfg = Release|Any CPU
		{22FF1522-B141-40F6-806E-F755105F5A09}.Release|iPhone.Build.0 = Release|Any CPU
		{22FF1522-B141-40F6-806E-F755105F5A09}.Release|iPhone.Deploy.0 = Release|Any CPU
		{22FF1522-B141-40F6-806E-F755105F5A09}.Release|iPhoneSimulator.ActiveCfg = Release|Any CPU
		{22FF1522-B141-40F6-806E-F755105F5A09}.Release|iPhoneSimulator.Build.0 = Release|Any CPU
		{22FF1522-B141-40F6-806E-F755105F5A09}.Release|iPhoneSimulator.Deploy.0 = Release|Any CPU
		{22FF1522-B141-40F6-806E-F755105F5A09}.Release|x64.ActiveCfg = Release|Any CPU
		{22FF1522-B141-40F6-806E-F755105F5A09}.Release|x64.Build.0 = Release|Any CPU
		{22FF1522-B141-40F6-806E-F755105F5A09}.Release|x64.Deploy.0 = Release|Any CPU
		{22FF1522-B141-40F6-806E-F755105F5A09}.Release|x86.ActiveCfg = Release|Any CPU
		{22FF1522-B141-40F6-806E-F755105F5A09}.Release|x86.Build.0 = Release|Any CPU
		{22FF1522-B141-40F6-806E-F755105F5A09}.Release|x86.Deploy.0 = Release|Any CPU
		{666F839B-DE88-4A36-B6AC-510B2B12CA06}.Ad-Hoc|Any CPU.ActiveCfg = Release|Any CPU
		{666F839B-DE88-4A36-B6AC-510B2B12CA06}.Ad-Hoc|Any CPU.Build.0 = Release|Any CPU
		{666F839B-DE88-4A36-B6AC-510B2B12CA06}.Ad-Hoc|ARM.ActiveCfg = Release|Any CPU
		{666F839B-DE88-4A36-B6AC-510B2B12CA06}.Ad-Hoc|ARM.Build.0 = Release|Any CPU
		{666F839B-DE88-4A36-B6AC-510B2B12CA06}.Ad-Hoc|iPhone.ActiveCfg = Release|Any CPU
		{666F839B-DE88-4A36-B6AC-510B2B12CA06}.Ad-Hoc|iPhone.Build.0 = Release|Any CPU
		{666F839B-DE88-4A36-B6AC-510B2B12CA06}.Ad-Hoc|iPhoneSimulator.ActiveCfg = Release|Any CPU
		{666F839B-DE88-4A36-B6AC-510B2B12CA06}.Ad-Hoc|iPhoneSimulator.Build.0 = Release|Any CPU
		{666F839B-DE88-4A36-B6AC-510B2B12CA06}.Ad-Hoc|x64.ActiveCfg = Release|Any CPU
		{666F839B-DE88-4A36-B6AC-510B2B12CA06}.Ad-Hoc|x64.Build.0 = Release|Any CPU
		{666F839B-DE88-4A36-B6AC-510B2B12CA06}.Ad-Hoc|x86.ActiveCfg = Release|Any CPU
		{666F839B-DE88-4A36-B6AC-510B2B12CA06}.Ad-Hoc|x86.Build.0 = Release|Any CPU
		{666F839B-DE88-4A36-B6AC-510B2B12CA06}.AppStore|Any CPU.ActiveCfg = Release|Any CPU
		{666F839B-DE88-4A36-B6AC-510B2B12CA06}.AppStore|Any CPU.Build.0 = Release|Any CPU
		{666F839B-DE88-4A36-B6AC-510B2B12CA06}.AppStore|ARM.ActiveCfg = Release|Any CPU
		{666F839B-DE88-4A36-B6AC-510B2B12CA06}.AppStore|ARM.Build.0 = Release|Any CPU
		{666F839B-DE88-4A36-B6AC-510B2B12CA06}.AppStore|iPhone.ActiveCfg = Release|Any CPU
		{666F839B-DE88-4A36-B6AC-510B2B12CA06}.AppStore|iPhone.Build.0 = Release|Any CPU
		{666F839B-DE88-4A36-B6AC-510B2B12CA06}.AppStore|iPhoneSimulator.ActiveCfg = Release|Any CPU
		{666F839B-DE88-4A36-B6AC-510B2B12CA06}.AppStore|iPhoneSimulator.Build.0 = Release|Any CPU
		{666F839B-DE88-4A36-B6AC-510B2B12CA06}.AppStore|x64.ActiveCfg = Release|Any CPU
		{666F839B-DE88-4A36-B6AC-510B2B12CA06}.AppStore|x64.Build.0 = Release|Any CPU
		{666F839B-DE88-4A36-B6AC-510B2B12CA06}.AppStore|x86.ActiveCfg = Release|Any CPU
		{666F839B-DE88-4A36-B6AC-510B2B12CA06}.AppStore|x86.Build.0 = Release|Any CPU
		{666F839B-DE88-4A36-B6AC-510B2B12CA06}.Debug|Any CPU.ActiveCfg = Debug|Any CPU
		{666F839B-DE88-4A36-B6AC-510B2B12CA06}.Debug|Any CPU.Build.0 = Debug|Any CPU
		{666F839B-DE88-4A36-B6AC-510B2B12CA06}.Debug|ARM.ActiveCfg = Debug|Any CPU
		{666F839B-DE88-4A36-B6AC-510B2B12CA06}.Debug|ARM.Build.0 = Debug|Any CPU
		{666F839B-DE88-4A36-B6AC-510B2B12CA06}.Debug|iPhone.ActiveCfg = Debug|Any CPU
		{666F839B-DE88-4A36-B6AC-510B2B12CA06}.Debug|iPhone.Build.0 = Debug|Any CPU
		{666F839B-DE88-4A36-B6AC-510B2B12CA06}.Debug|iPhoneSimulator.ActiveCfg = Debug|Any CPU
		{666F839B-DE88-4A36-B6AC-510B2B12CA06}.Debug|iPhoneSimulator.Build.0 = Debug|Any CPU
		{666F839B-DE88-4A36-B6AC-510B2B12CA06}.Debug|x64.ActiveCfg = Debug|Any CPU
		{666F839B-DE88-4A36-B6AC-510B2B12CA06}.Debug|x64.Build.0 = Debug|Any CPU
		{666F839B-DE88-4A36-B6AC-510B2B12CA06}.Debug|x86.ActiveCfg = Debug|Any CPU
		{666F839B-DE88-4A36-B6AC-510B2B12CA06}.Debug|x86.Build.0 = Debug|Any CPU
		{666F839B-DE88-4A36-B6AC-510B2B12CA06}.Release|Any CPU.ActiveCfg = Release|Any CPU
		{666F839B-DE88-4A36-B6AC-510B2B12CA06}.Release|Any CPU.Build.0 = Release|Any CPU
		{666F839B-DE88-4A36-B6AC-510B2B12CA06}.Release|ARM.ActiveCfg = Release|Any CPU
		{666F839B-DE88-4A36-B6AC-510B2B12CA06}.Release|ARM.Build.0 = Release|Any CPU
		{666F839B-DE88-4A36-B6AC-510B2B12CA06}.Release|iPhone.ActiveCfg = Release|Any CPU
		{666F839B-DE88-4A36-B6AC-510B2B12CA06}.Release|iPhone.Build.0 = Release|Any CPU
		{666F839B-DE88-4A36-B6AC-510B2B12CA06}.Release|iPhoneSimulator.ActiveCfg = Release|Any CPU
		{666F839B-DE88-4A36-B6AC-510B2B12CA06}.Release|iPhoneSimulator.Build.0 = Release|Any CPU
		{666F839B-DE88-4A36-B6AC-510B2B12CA06}.Release|x64.ActiveCfg = Release|Any CPU
		{666F839B-DE88-4A36-B6AC-510B2B12CA06}.Release|x64.Build.0 = Release|Any CPU
		{666F839B-DE88-4A36-B6AC-510B2B12CA06}.Release|x86.ActiveCfg = Release|Any CPU
		{666F839B-DE88-4A36-B6AC-510B2B12CA06}.Release|x86.Build.0 = Release|Any CPU
		{93D009D7-BF8B-4621-AC18-5503A5A3338B}.Ad-Hoc|Any CPU.ActiveCfg = Release|x86
		{93D009D7-BF8B-4621-AC18-5503A5A3338B}.Ad-Hoc|Any CPU.Build.0 = Release|x86
		{93D009D7-BF8B-4621-AC18-5503A5A3338B}.Ad-Hoc|Any CPU.Deploy.0 = Release|x86
		{93D009D7-BF8B-4621-AC18-5503A5A3338B}.Ad-Hoc|ARM.ActiveCfg = Release|ARM
		{93D009D7-BF8B-4621-AC18-5503A5A3338B}.Ad-Hoc|ARM.Build.0 = Release|ARM
		{93D009D7-BF8B-4621-AC18-5503A5A3338B}.Ad-Hoc|ARM.Deploy.0 = Release|ARM
		{93D009D7-BF8B-4621-AC18-5503A5A3338B}.Ad-Hoc|iPhone.ActiveCfg = Release|x86
		{93D009D7-BF8B-4621-AC18-5503A5A3338B}.Ad-Hoc|iPhone.Build.0 = Release|x86
		{93D009D7-BF8B-4621-AC18-5503A5A3338B}.Ad-Hoc|iPhone.Deploy.0 = Release|x86
		{93D009D7-BF8B-4621-AC18-5503A5A3338B}.Ad-Hoc|iPhoneSimulator.ActiveCfg = Release|x86
		{93D009D7-BF8B-4621-AC18-5503A5A3338B}.Ad-Hoc|iPhoneSimulator.Build.0 = Release|x86
		{93D009D7-BF8B-4621-AC18-5503A5A3338B}.Ad-Hoc|iPhoneSimulator.Deploy.0 = Release|x86
		{93D009D7-BF8B-4621-AC18-5503A5A3338B}.Ad-Hoc|x64.ActiveCfg = Release|x64
		{93D009D7-BF8B-4621-AC18-5503A5A3338B}.Ad-Hoc|x64.Build.0 = Release|x64
		{93D009D7-BF8B-4621-AC18-5503A5A3338B}.Ad-Hoc|x64.Deploy.0 = Release|x64
		{93D009D7-BF8B-4621-AC18-5503A5A3338B}.Ad-Hoc|x86.ActiveCfg = Release|x86
		{93D009D7-BF8B-4621-AC18-5503A5A3338B}.Ad-Hoc|x86.Build.0 = Release|x86
		{93D009D7-BF8B-4621-AC18-5503A5A3338B}.Ad-Hoc|x86.Deploy.0 = Release|x86
		{93D009D7-BF8B-4621-AC18-5503A5A3338B}.AppStore|Any CPU.ActiveCfg = Release|x86
		{93D009D7-BF8B-4621-AC18-5503A5A3338B}.AppStore|Any CPU.Build.0 = Release|x86
		{93D009D7-BF8B-4621-AC18-5503A5A3338B}.AppStore|Any CPU.Deploy.0 = Release|x86
		{93D009D7-BF8B-4621-AC18-5503A5A3338B}.AppStore|ARM.ActiveCfg = Release|ARM
		{93D009D7-BF8B-4621-AC18-5503A5A3338B}.AppStore|ARM.Build.0 = Release|ARM
		{93D009D7-BF8B-4621-AC18-5503A5A3338B}.AppStore|ARM.Deploy.0 = Release|ARM
		{93D009D7-BF8B-4621-AC18-5503A5A3338B}.AppStore|iPhone.ActiveCfg = Release|x86
		{93D009D7-BF8B-4621-AC18-5503A5A3338B}.AppStore|iPhone.Build.0 = Release|x86
		{93D009D7-BF8B-4621-AC18-5503A5A3338B}.AppStore|iPhone.Deploy.0 = Release|x86
		{93D009D7-BF8B-4621-AC18-5503A5A3338B}.AppStore|iPhoneSimulator.ActiveCfg = Release|x86
		{93D009D7-BF8B-4621-AC18-5503A5A3338B}.AppStore|iPhoneSimulator.Build.0 = Release|x86
		{93D009D7-BF8B-4621-AC18-5503A5A3338B}.AppStore|iPhoneSimulator.Deploy.0 = Release|x86
		{93D009D7-BF8B-4621-AC18-5503A5A3338B}.AppStore|x64.ActiveCfg = Release|x64
		{93D009D7-BF8B-4621-AC18-5503A5A3338B}.AppStore|x64.Build.0 = Release|x64
		{93D009D7-BF8B-4621-AC18-5503A5A3338B}.AppStore|x64.Deploy.0 = Release|x64
		{93D009D7-BF8B-4621-AC18-5503A5A3338B}.AppStore|x86.ActiveCfg = Release|x86
		{93D009D7-BF8B-4621-AC18-5503A5A3338B}.AppStore|x86.Build.0 = Release|x86
		{93D009D7-BF8B-4621-AC18-5503A5A3338B}.AppStore|x86.Deploy.0 = Release|x86
		{93D009D7-BF8B-4621-AC18-5503A5A3338B}.Debug|Any CPU.ActiveCfg = Debug|x86
		{93D009D7-BF8B-4621-AC18-5503A5A3338B}.Debug|ARM.ActiveCfg = Debug|ARM
		{93D009D7-BF8B-4621-AC18-5503A5A3338B}.Debug|ARM.Build.0 = Debug|ARM
		{93D009D7-BF8B-4621-AC18-5503A5A3338B}.Debug|ARM.Deploy.0 = Debug|ARM
		{93D009D7-BF8B-4621-AC18-5503A5A3338B}.Debug|iPhone.ActiveCfg = Debug|x86
		{93D009D7-BF8B-4621-AC18-5503A5A3338B}.Debug|iPhoneSimulator.ActiveCfg = Debug|x86
		{93D009D7-BF8B-4621-AC18-5503A5A3338B}.Debug|x64.ActiveCfg = Debug|x64
		{93D009D7-BF8B-4621-AC18-5503A5A3338B}.Debug|x64.Build.0 = Debug|x64
		{93D009D7-BF8B-4621-AC18-5503A5A3338B}.Debug|x64.Deploy.0 = Debug|x64
		{93D009D7-BF8B-4621-AC18-5503A5A3338B}.Debug|x86.ActiveCfg = Debug|x86
		{93D009D7-BF8B-4621-AC18-5503A5A3338B}.Debug|x86.Build.0 = Debug|x86
		{93D009D7-BF8B-4621-AC18-5503A5A3338B}.Debug|x86.Deploy.0 = Debug|x86
		{93D009D7-BF8B-4621-AC18-5503A5A3338B}.Release|Any CPU.ActiveCfg = Release|x86
		{93D009D7-BF8B-4621-AC18-5503A5A3338B}.Release|ARM.ActiveCfg = Release|ARM
		{93D009D7-BF8B-4621-AC18-5503A5A3338B}.Release|ARM.Build.0 = Release|ARM
		{93D009D7-BF8B-4621-AC18-5503A5A3338B}.Release|ARM.Deploy.0 = Release|ARM
		{93D009D7-BF8B-4621-AC18-5503A5A3338B}.Release|iPhone.ActiveCfg = Release|x86
		{93D009D7-BF8B-4621-AC18-5503A5A3338B}.Release|iPhoneSimulator.ActiveCfg = Release|x86
		{93D009D7-BF8B-4621-AC18-5503A5A3338B}.Release|x64.ActiveCfg = Release|x64
		{93D009D7-BF8B-4621-AC18-5503A5A3338B}.Release|x64.Build.0 = Release|x64
		{93D009D7-BF8B-4621-AC18-5503A5A3338B}.Release|x64.Deploy.0 = Release|x64
		{93D009D7-BF8B-4621-AC18-5503A5A3338B}.Release|x86.ActiveCfg = Release|x86
		{93D009D7-BF8B-4621-AC18-5503A5A3338B}.Release|x86.Build.0 = Release|x86
		{93D009D7-BF8B-4621-AC18-5503A5A3338B}.Release|x86.Deploy.0 = Release|x86
		{D0062144-ECD8-4C9B-9061-43FCE54B03F4}.Ad-Hoc|Any CPU.ActiveCfg = Ad-Hoc|iPhone
		{D0062144-ECD8-4C9B-9061-43FCE54B03F4}.Ad-Hoc|ARM.ActiveCfg = Ad-Hoc|iPhone
		{D0062144-ECD8-4C9B-9061-43FCE54B03F4}.Ad-Hoc|iPhone.ActiveCfg = Ad-Hoc|iPhone
		{D0062144-ECD8-4C9B-9061-43FCE54B03F4}.Ad-Hoc|iPhone.Build.0 = Ad-Hoc|iPhone
		{D0062144-ECD8-4C9B-9061-43FCE54B03F4}.Ad-Hoc|iPhoneSimulator.ActiveCfg = Ad-Hoc|iPhoneSimulator
		{D0062144-ECD8-4C9B-9061-43FCE54B03F4}.Ad-Hoc|iPhoneSimulator.Build.0 = Ad-Hoc|iPhoneSimulator
		{D0062144-ECD8-4C9B-9061-43FCE54B03F4}.Ad-Hoc|x64.ActiveCfg = Ad-Hoc|iPhone
		{D0062144-ECD8-4C9B-9061-43FCE54B03F4}.Ad-Hoc|x86.ActiveCfg = Ad-Hoc|iPhone
		{D0062144-ECD8-4C9B-9061-43FCE54B03F4}.AppStore|Any CPU.ActiveCfg = AppStore|iPhone
		{D0062144-ECD8-4C9B-9061-43FCE54B03F4}.AppStore|ARM.ActiveCfg = AppStore|iPhone
		{D0062144-ECD8-4C9B-9061-43FCE54B03F4}.AppStore|iPhone.ActiveCfg = AppStore|iPhone
		{D0062144-ECD8-4C9B-9061-43FCE54B03F4}.AppStore|iPhone.Build.0 = AppStore|iPhone
		{D0062144-ECD8-4C9B-9061-43FCE54B03F4}.AppStore|iPhoneSimulator.ActiveCfg = AppStore|iPhoneSimulator
		{D0062144-ECD8-4C9B-9061-43FCE54B03F4}.AppStore|iPhoneSimulator.Build.0 = AppStore|iPhoneSimulator
		{D0062144-ECD8-4C9B-9061-43FCE54B03F4}.AppStore|x64.ActiveCfg = AppStore|iPhone
		{D0062144-ECD8-4C9B-9061-43FCE54B03F4}.AppStore|x86.ActiveCfg = AppStore|iPhone
		{D0062144-ECD8-4C9B-9061-43FCE54B03F4}.Debug|Any CPU.ActiveCfg = Debug|iPhone
		{D0062144-ECD8-4C9B-9061-43FCE54B03F4}.Debug|ARM.ActiveCfg = Debug|iPhone
		{D0062144-ECD8-4C9B-9061-43FCE54B03F4}.Debug|iPhone.ActiveCfg = Debug|iPhone
		{D0062144-ECD8-4C9B-9061-43FCE54B03F4}.Debug|iPhone.Build.0 = Debug|iPhone
		{D0062144-ECD8-4C9B-9061-43FCE54B03F4}.Debug|iPhoneSimulator.ActiveCfg = Debug|iPhoneSimulator
		{D0062144-ECD8-4C9B-9061-43FCE54B03F4}.Debug|iPhoneSimulator.Build.0 = Debug|iPhoneSimulator
		{D0062144-ECD8-4C9B-9061-43FCE54B03F4}.Debug|x64.ActiveCfg = Debug|iPhone
		{D0062144-ECD8-4C9B-9061-43FCE54B03F4}.Debug|x86.ActiveCfg = Debug|iPhone
		{D0062144-ECD8-4C9B-9061-43FCE54B03F4}.Release|Any CPU.ActiveCfg = Release|iPhone
		{D0062144-ECD8-4C9B-9061-43FCE54B03F4}.Release|ARM.ActiveCfg = Release|iPhone
		{D0062144-ECD8-4C9B-9061-43FCE54B03F4}.Release|iPhone.ActiveCfg = Release|iPhone
		{D0062144-ECD8-4C9B-9061-43FCE54B03F4}.Release|iPhone.Build.0 = Release|iPhone
		{D0062144-ECD8-4C9B-9061-43FCE54B03F4}.Release|iPhoneSimulator.ActiveCfg = Release|iPhoneSimulator
		{D0062144-ECD8-4C9B-9061-43FCE54B03F4}.Release|iPhoneSimulator.Build.0 = Release|iPhoneSimulator
		{D0062144-ECD8-4C9B-9061-43FCE54B03F4}.Release|x64.ActiveCfg = Release|iPhone
		{D0062144-ECD8-4C9B-9061-43FCE54B03F4}.Release|x86.ActiveCfg = Release|iPhone
	EndGlobalSection
	GlobalSection(SolutionProperties) = preSolution
		HideSolutionNode = FALSE
	EndGlobalSection
EndGlobal
